{
	"name": "bmybbs-webterm",
	"version": "0.0.1",
	"lockfileVersion": 1,
	"requires": true,
	"dependencies": {
		"nan": {
			"version": "2.14.2",
			"resolved": "https://registry.npmjs.org/nan/-/nan-2.14.2.tgz",
			"integrity": "sha512-M2ufzIiINKCuDfBSAUr1vWQ+vuVcA9kqx8JJUsbQi6yf1uGRyb7HfpdfUr5qLXf3B/t8dPvcjhKMmlfnP47EzQ=="
		},
		"node-pty": {
			"version": "0.10.1",
			"resolved": "https://registry.npmjs.org/node-pty/-/node-pty-0.10.1.tgz",
			"integrity": "sha512-JTdtUS0Im/yRsWJSx7yiW9rtpfmxqxolrtnyKwPLI+6XqTAPW/O2MjS8FYL4I5TsMbH2lVgDb2VMjp+9LoQGNg==",
			"requires": {
				"nan": "^2.14.0"
			}
		},
		"ws": {
			"version": "7.4.6",
			"resolved": "https://registry.npmjs.org/ws/-/ws-7.4.6.tgz",
			"integrity": "sha512-YmhHDO4MzaDLB+M9ym/mDA5z0naX8j7SIlT8f8z+I0VtzsRbekxEutHSme7NPS2qE8StCYQNUnfWdXta/Yu85A=="
		}
	}
}
